
Microsoft Visual Studio Solution File, Format Version 12.00
# Visual Studio Version 17
VisualStudioVersion = 17.10.35122.118
MinimumVisualStudioVersion = 10.0.40219.1
Project("{FAE04EC0-301F-11D3-BF4B-00C04F79EFBC}") = "GetMailWithAttachment", "GetMailWithAttachment.csproj", "{1C9AC441-EE0F-401C-88AF-9ED6474A40BE}"
EndProject
Global
	GlobalSection(SolutionConfigurationPlatforms) = preSolution
		Debug|Any CPU = Debug|Any CPU
		Release|Any CPU = Release|Any CPU
	EndGlobalSection
	GlobalSection(ProjectConfigurationPlatforms) = postSolution
		{1C9AC441-EE0F-401C-88AF-9ED6474A40BE}.Debug|Any CPU.ActiveCfg = Debug|Any CPU
		{1C9AC441-EE0F-401C-88AF-9ED6474A40BE}.Debug|Any CPU.Build.0 = Debug|Any CPU
		{1C9AC441-EE0F-401C-88AF-9ED6474A40BE}.Release|Any CPU.ActiveCfg = Release|Any CPU
		{1C9AC441-EE0F-401C-88AF-9ED6474A40BE}.Release|Any CPU.Build.0 = Release|Any CPU
	EndGlobalSection
	GlobalSection(SolutionProperties) = preSolution
		HideSolutionNode = FALSE
	EndGlobalSection
	GlobalSection(ExtensibilityGlobals) = postSolution
		SolutionGuid = {08962E83-83EE-412F-AC71-7E2AE66828F8}
	EndGlobalSection
EndGlobal
